// !$*UTF8*$!
{
	archiveVersion = 1;
	classes = {
	};
	objectVersion = 42;
	objects = {

/* Begin PBXBuildFile section */
		8D15AC2D0486D014006FF6A4 /* MainMenu.nib in Resources */ = {isa = PBXBuildFile; fileRef = 2A37F4B6FDCFA73011CA2CEA /* MainMenu.nib */; };
		8D15AC2E0486D014006FF6A4 /* MyDocument.nib in Resources */ = {isa = PBXBuildFile; fileRef = 2A37F4B4FDCFA73011CA2CEA /* MyDocument.nib */; };
		8D15AC2F0486D014006FF6A4 /* InfoPlist.strings in Resources */ = {isa = PBXBuildFile; fileRef = 089C165FFE840EACC02AAC07 /* InfoPlist.strings */; };
		8D15AC310486D014006FF6A4 /* MyDocument.m in Sources */ = {isa = PBXBuildFile; fileRef = 2A37F4ACFDCFA73011CA2CEA /* MyDocument.m */; settings = {ATTRIBUTES = (); }; };
		8D15AC320486D014006FF6A4 /* main.m in Sources */ = {isa = PBXBuildFile; fileRef = 2A37F4B0FDCFA73011CA2CEA /* main.m */; settings = {ATTRIBUTES = (); }; };
		8D15AC340486D014006FF6A4 /* Cocoa.framework in Frameworks */ = {isa = PBXBuildFile; fileRef = 1058C7A7FEA54F5311CA2CBB /* Cocoa.framework */; };
		C43B61D30B2FD56D00C1B850 /* FPTextAreaB.m in Sources */ = {isa = PBXBuildFile; fileRef = C43B61D20B2FD56D00C1B850 /* FPTextAreaB.m */; };
		C449817A0A922A890084F508 /* AOSegmentedControl.m in Sources */ = {isa = PBXBuildFile; fileRef = C44981790A922A890084F508 /* AOSegmentedControl.m */; };
		C44988D10AA7B0F80084F508 /* FPInspectorController.m in Sources */ = {isa = PBXBuildFile; fileRef = C44988CF0AA7B0F80084F508 /* FPInspectorController.m */; };
		C45E44A80B3C8C2700D41543 /* FormulatePro.icns in Resources */ = {isa = PBXBuildFile; fileRef = C45E44A70B3C8C2700D41543 /* FormulatePro.icns */; };
		C45E46060B3CEDDB00D41543 /* NSMutableSetAdditions.h in CopyFiles */ = {isa = PBXBuildFile; fileRef = C45E46040B3CEDDB00D41543 /* NSMutableSetAdditions.h */; };
		C45E46070B3CEDDB00D41543 /* NSMutableSetAdditions.m in Sources */ = {isa = PBXBuildFile; fileRef = C45E46050B3CEDDB00D41543 /* NSMutableSetAdditions.m */; };
		C45E46B50B3CF55B00D41543 /* FPCheckmark.h in CopyFiles */ = {isa = PBXBuildFile; fileRef = C45E46B30B3CF55B00D41543 /* FPCheckmark.h */; };
		C45E46B60B3CF55B00D41543 /* FPCheckmark.m in Sources */ = {isa = PBXBuildFile; fileRef = C45E46B40B3CF55B00D41543 /* FPCheckmark.m */; };
		C493CD3A0C8CEA3D00BFAEE8 /* FPTipsController.h in CopyFiles */ = {isa = PBXBuildFile; fileRef = C493CD380C8CEA3D00BFAEE8 /* FPTipsController.h */; };
		C493CD3B0C8CEA3D00BFAEE8 /* FPTipsController.m in Sources */ = {isa = PBXBuildFile; fileRef = C493CD390C8CEA3D00BFAEE8 /* FPTipsController.m */; };
		C493CE0E0C8D222900BFAEE8 /* tips.plist in Resources */ = {isa = PBXBuildFile; fileRef = C493CE0D0C8D222900BFAEE8 /* tips.plist */; };
		C4A904480B2C86E00015511A /* FPDocumentView.m in Sources */ = {isa = PBXBuildFile; fileRef = C4A904470B2C86E00015511A /* FPDocumentView.m */; };
		C4A906000B2CBF900015511A /* FPEllipse.m in Sources */ = {isa = PBXBuildFile; fileRef = C4DC0E710A85925A00DB476E /* FPEllipse.m */; };
		C4A906010B2CBF910015511A /* FPGraphic.m in Sources */ = {isa = PBXBuildFile; fileRef = C4AB40E40A5BDC7D00EE29B2 /* FPGraphic.m */; };
		C4A906020B2CBF920015511A /* FPRectangle.m in Sources */ = {isa = PBXBuildFile; fileRef = C4DC0E640A85907800DB476E /* FPRectangle.m */; };
		C4A906030B2CBF920015511A /* FPSquiggle.m in Sources */ = {isa = PBXBuildFile; fileRef = C4DC0FEF0A85C4BA00DB476E /* FPSquiggle.m */; };
		C4AB3EE90A5B010000EE29B2 /* PDFKit.framework in Frameworks */ = {isa = PBXBuildFile; fileRef = C4AB3EE80A5B010000EE29B2 /* PDFKit.framework */; };
		C4AB40380A5BB5D200EE29B2 /* AppDelegate.m in Sources */ = {isa = PBXBuildFile; fileRef = C4AB40370A5BB5D200EE29B2 /* AppDelegate.m */; };
		C4AB420E0A5F926500EE29B2 /* circleTool.psd in Resources */ = {isa = PBXBuildFile; fileRef = C4AB420D0A5F926500EE29B2 /* circleTool.psd */; };
		C4AB42100A5F928600EE29B2 /* rectangleTool.psd in Resources */ = {isa = PBXBuildFile; fileRef = C4AB420F0A5F928600EE29B2 /* rectangleTool.psd */; };
		C4AB42120A5F929600EE29B2 /* squiggleTool.psd in Resources */ = {isa = PBXBuildFile; fileRef = C4AB42110A5F929600EE29B2 /* squiggleTool.psd */; };
		C4AB42140A5F929B00EE29B2 /* textTool.psd in Resources */ = {isa = PBXBuildFile; fileRef = C4AB42130A5F929B00EE29B2 /* textTool.psd */; };
		C4AB423D0A5FA01D00EE29B2 /* arrowTool.psd in Resources */ = {isa = PBXBuildFile; fileRef = C4AB423C0A5FA01D00EE29B2 /* arrowTool.psd */; };
		C4AB42820A623A6800EE29B2 /* FPToolPaletteController.m in Sources */ = {isa = PBXBuildFile; fileRef = C4AB42810A623A6800EE29B2 /* FPToolPaletteController.m */; };
		C4AB42D20A6245F100EE29B2 /* Credits.html in Resources */ = {isa = PBXBuildFile; fileRef = C4AB42D00A6245F100EE29B2 /* Credits.html */; };
		C4AB43800A67C3E600EE29B2 /* stampTool.png in Resources */ = {isa = PBXBuildFile; fileRef = C4AB437F0A67C3E600EE29B2 /* stampTool.png */; };
		C4AB43970A6A3B0D00EE29B2 /* oneUp.psd in Resources */ = {isa = PBXBuildFile; fileRef = C4AB43960A6A3B0D00EE29B2 /* oneUp.psd */; };
		C4AB440B0A711A0D00EE29B2 /* twoUp.psd in Resources */ = {isa = PBXBuildFile; fileRef = C4AB440A0A711A0C00EE29B2 /* twoUp.psd */; };
		C4AB442E0A71200C00EE29B2 /* book.psd in Resources */ = {isa = PBXBuildFile; fileRef = C4AB442D0A71200C00EE29B2 /* book.psd */; };
		C4AB447F0A718D7600EE29B2 /* continuous.psd in Resources */ = {isa = PBXBuildFile; fileRef = C4AB447E0A718D7600EE29B2 /* continuous.psd */; };
		C4B25AAA0B431F8800DADA0F /* FPImage.h in CopyFiles */ = {isa = PBXBuildFile; fileRef = C4B25AA80B431F8800DADA0F /* FPImage.h */; };
		C4B25AAB0B431F8800DADA0F /* FPImage.m in Sources */ = {isa = PBXBuildFile; fileRef = C4B25AA90B431F8800DADA0F /* FPImage.m */; };
		C4B25D540B4AD7C900DADA0F /* FPArchiveExtras.h in CopyFiles */ = {isa = PBXBuildFile; fileRef = C4B25D530B4AD7C900DADA0F /* FPArchiveExtras.h */; };
		C4B25D970B4ADF8100DADA0F /* NSMutableDictionaryAdditions.h in CopyFiles */ = {isa = PBXBuildFile; fileRef = C4B25D950B4ADF8100DADA0F /* NSMutableDictionaryAdditions.h */; };
		C4B25D980B4ADF8100DADA0F /* NSMutableDictionaryAdditions.m in Sources */ = {isa = PBXBuildFile; fileRef = C4B25D960B4ADF8100DADA0F /* NSMutableDictionaryAdditions.m */; };
		C4D109500C8CA529003A767D /* FPLogging.h in CopyFiles */ = {isa = PBXBuildFile; fileRef = C4D1094F0C8CA529003A767D /* FPLogging.h */; };
		C4DC0D980A82D28800DB476E /* viewmag-.png in Resources */ = {isa = PBXBuildFile; fileRef = C4DC0D960A82D28800DB476E /* viewmag-.png */; };
		C4DC0D990A82D28800DB476E /* viewmag+.png in Resources */ = {isa = PBXBuildFile; fileRef = C4DC0D970A82D28800DB476E /* viewmag+.png */; };
		C4DC0DA60A82D35500DB476E /* next.png in Resources */ = {isa = PBXBuildFile; fileRef = C4DC0DA40A82D35500DB476E /* next.png */; };
		C4DC0DA70A82D35500DB476E /* previous.png in Resources */ = {isa = PBXBuildFile; fileRef = C4DC0DA50A82D35500DB476E /* previous.png */; };
		C4DC0DB70A82D99700DB476E /* LICENSE.txt in Resources */ = {isa = PBXBuildFile; fileRef = C4DC0DB60A82D99700DB476E /* LICENSE.txt */; };
		C4EE455A0BC8BCC400F417D3 /* FPArchivalDictionaryUpgrader.h in CopyFiles */ = {isa = PBXBuildFile; fileRef = C4EE45580BC8BCC400F417D3 /* FPArchivalDictionaryUpgrader.h */; };
		C4EE455B0BC8BCC400F417D3 /* FPArchivalDictionaryUpgrader.m in Sources */ = {isa = PBXBuildFile; fileRef = C4EE45590BC8BCC400F417D3 /* FPArchivalDictionaryUpgrader.m */; };
		C4F40AD50B35D6F1008063B4 /* FPDocumentWindow.m in Sources */ = {isa = PBXBuildFile; fileRef = C4F40AD40B35D6F1008063B4 /* FPDocumentWindow.m */; };
		C4F40BA90B35FBFD008063B4 /* Sparkle.framework in Frameworks */ = {isa = PBXBuildFile; fileRef = C4F40BA80B35FBFD008063B4 /* Sparkle.framework */; };
		C4F40BC60B35FC65008063B4 /* Sparkle.framework in CopyFiles */ = {isa = PBXBuildFile; fileRef = C4F40BA80B35FBFD008063B4 /* Sparkle.framework */; };
/* End PBXBuildFile section */

/* Begin PBXCopyFilesBuildPhase section */
		C4F40BBD0B35FC0F008063B4 /* CopyFiles */ = {
			isa = PBXCopyFilesBuildPhase;
			buildActionMask = 2147483647;
			dstPath = "";
			dstSubfolderSpec = 10;
			files = (
				C4F40BC60B35FC65008063B4 /* Sparkle.framework in CopyFiles */,
				C45E46060B3CEDDB00D41543 /* NSMutableSetAdditions.h in CopyFiles */,
				C45E46B50B3CF55B00D41543 /* FPCheckmark.h in CopyFiles */,
				C4B25AAA0B431F8800DADA0F /* FPImage.h in CopyFiles */,
				C4B25D540B4AD7C900DADA0F /* FPArchiveExtras.h in CopyFiles */,
				C4B25D970B4ADF8100DADA0F /* NSMutableDictionaryAdditions.h in CopyFiles */,
				C4EE455A0BC8BCC400F417D3 /* FPArchivalDictionaryUpgrader.h in CopyFiles */,
				C4D109500C8CA529003A767D /* FPLogging.h in CopyFiles */,
				C493CD3A0C8CEA3D00BFAEE8 /* FPTipsController.h in CopyFiles */,
			);
			runOnlyForDeploymentPostprocessing = 0;
		};
/* End PBXCopyFilesBuildPhase section */

/* Begin PBXFileReference section */
		089C1660FE840EACC02AAC07 /* English */ = {isa = PBXFileReference; fileEncoding = 10; lastKnownFileType = text.plist.strings; name = English; path = English.lproj/InfoPlist.strings; sourceTree = "<group>"; };
		1058C7A7FEA54F5311CA2CBB /* Cocoa.framework */ = {isa = PBXFileReference; lastKnownFileType = wrapper.framework; name = Cocoa.framework; path = /System/Library/Frameworks/Cocoa.framework; sourceTree = "<absolute>"; };
		13E42FBA07B3F13500E4EEF1 /* CoreData.framework */ = {isa = PBXFileReference; lastKnownFileType = wrapper.framework; name = CoreData.framework; path = /System/Library/Frameworks/CoreData.framework; sourceTree = "<absolute>"; };
		2A37F4ACFDCFA73011CA2CEA /* MyDocument.m */ = {isa = PBXFileReference; fileEncoding = 4; lastKnownFileType = sourcecode.c.objc; path = MyDocument.m; sourceTree = "<group>"; };
		2A37F4AEFDCFA73011CA2CEA /* MyDocument.h */ = {isa = PBXFileReference; fileEncoding = 4; lastKnownFileType = sourcecode.c.h; path = MyDocument.h; sourceTree = "<group>"; };
		2A37F4B0FDCFA73011CA2CEA /* main.m */ = {isa = PBXFileReference; fileEncoding = 4; lastKnownFileType = sourcecode.c.objc; path = main.m; sourceTree = "<group>"; };
		2A37F4B5FDCFA73011CA2CEA /* English */ = {isa = PBXFileReference; lastKnownFileType = wrapper.nib; name = English; path = English.lproj/MyDocument.nib; sourceTree = "<group>"; };
		2A37F4B7FDCFA73011CA2CEA /* English */ = {isa = PBXFileReference; lastKnownFileType = wrapper.nib; name = English; path = English.lproj/MainMenu.nib; sourceTree = "<group>"; };
		2A37F4C4FDCFA73011CA2CEA /* AppKit.framework */ = {isa = PBXFileReference; lastKnownFileType = wrapper.framework; name = AppKit.framework; path = /System/Library/Frameworks/AppKit.framework; sourceTree = "<absolute>"; };
		2A37F4C5FDCFA73011CA2CEA /* Foundation.framework */ = {isa = PBXFileReference; lastKnownFileType = wrapper.framework; name = Foundation.framework; path = /System/Library/Frameworks/Foundation.framework; sourceTree = "<absolute>"; };
		32DBCF750370BD2300C91783 /* FormulatePro_Prefix.pch */ = {isa = PBXFileReference; fileEncoding = 4; lastKnownFileType = sourcecode.c.h; path = FormulatePro_Prefix.pch; sourceTree = "<group>"; };
		8D15AC360486D014006FF6A4 /* Info.plist */ = {isa = PBXFileReference; fileEncoding = 4; lastKnownFileType = text.plist; path = Info.plist; sourceTree = "<group>"; };
		8D15AC370486D014006FF6A4 /* FormulatePro.app */ = {isa = PBXFileReference; explicitFileType = wrapper.application; includeInIndex = 0; path = FormulatePro.app; sourceTree = BUILT_PRODUCTS_DIR; };
		C43B61D10B2FD56D00C1B850 /* FPTextAreaB.h */ = {isa = PBXFileReference; fileEncoding = 4; lastKnownFileType = sourcecode.c.h; path = FPTextAreaB.h; sourceTree = "<group>"; };
		C43B61D20B2FD56D00C1B850 /* FPTextAreaB.m */ = {isa = PBXFileReference; fileEncoding = 4; lastKnownFileType = sourcecode.c.objc; path = FPTextAreaB.m; sourceTree = "<group>"; };
		C44981780A922A890084F508 /* AOSegmentedControl.h */ = {isa = PBXFileReference; fileEncoding = 4; lastKnownFileType = sourcecode.c.h; path = AOSegmentedControl.h; sourceTree = "<group>"; };
		C44981790A922A890084F508 /* AOSegmentedControl.m */ = {isa = PBXFileReference; fileEncoding = 4; lastKnownFileType = sourcecode.c.objc; path = AOSegmentedControl.m; sourceTree = "<group>"; };
		C44988CF0AA7B0F80084F508 /* FPInspectorController.m */ = {isa = PBXFileReference; fileEncoding = 30; lastKnownFileType = sourcecode.c.objc; path = FPInspectorController.m; sourceTree = "<group>"; };
		C44988D00AA7B0F80084F508 /* FPInspectorController.h */ = {isa = PBXFileReference; fileEncoding = 30; lastKnownFileType = sourcecode.c.h; path = FPInspectorController.h; sourceTree = "<group>"; };
		C45E44A70B3C8C2700D41543 /* FormulatePro.icns */ = {isa = PBXFileReference; lastKnownFileType = image.icns; path = FormulatePro.icns; sourceTree = SOURCE_ROOT; };
		C45E46040B3CEDDB00D41543 /* NSMutableSetAdditions.h */ = {isa = PBXFileReference; fileEncoding = 4; lastKnownFileType = sourcecode.c.h; path = NSMutableSetAdditions.h; sourceTree = "<group>"; };
		C45E46050B3CEDDB00D41543 /* NSMutableSetAdditions.m */ = {isa = PBXFileReference; fileEncoding = 4; lastKnownFileType = sourcecode.c.objc; path = NSMutableSetAdditions.m; sourceTree = "<group>"; };
		C45E46B30B3CF55B00D41543 /* FPCheckmark.h */ = {isa = PBXFileReference; fileEncoding = 4; lastKnownFileType = sourcecode.c.h; path = FPCheckmark.h; sourceTree = "<group>"; };
		C45E46B40B3CF55B00D41543 /* FPCheckmark.m */ = {isa = PBXFileReference; fileEncoding = 4; lastKnownFileType = sourcecode.c.objc; path = FPCheckmark.m; sourceTree = "<group>"; };
		C493CD380C8CEA3D00BFAEE8 /* FPTipsController.h */ = {isa = PBXFileReference; fileEncoding = 4; lastKnownFileType = sourcecode.c.h; path = FPTipsController.h; sourceTree = "<group>"; };
		C493CD390C8CEA3D00BFAEE8 /* FPTipsController.m */ = {isa = PBXFileReference; fileEncoding = 4; lastKnownFileType = sourcecode.c.objc; path = FPTipsController.m; sourceTree = "<group>"; };
		C493CE0D0C8D222900BFAEE8 /* tips.plist */ = {isa = PBXFileReference; fileEncoding = 4; lastKnownFileType = text.xml; path = tips.plist; sourceTree = SOURCE_ROOT; };
		C4A904460B2C86E00015511A /* FPDocumentView.h */ = {isa = PBXFileReference; fileEncoding = 30; lastKnownFileType = sourcecode.c.h; path = FPDocumentView.h; sourceTree = "<group>"; };
		C4A904470B2C86E00015511A /* FPDocumentView.m */ = {isa = PBXFileReference; fileEncoding = 30; lastKnownFileType = sourcecode.c.objc; path = FPDocumentView.m; sourceTree = "<group>"; };
		C4AB3EE80A5B010000EE29B2 /* PDFKit.framework */ = {isa = PBXFileReference; lastKnownFileType = wrapper.framework; name = PDFKit.framework; path = /System/Library/Frameworks/Quartz.framework/Versions/A/Frameworks/PDFKit.framework; sourceTree = "<absolute>"; };
		C4AB40360A5BB5D200EE29B2 /* AppDelegate.h */ = {isa = PBXFileReference; fileEncoding = 4; lastKnownFileType = sourcecode.c.h; path = AppDelegate.h; sourceTree = "<group>"; };
		C4AB40370A5BB5D200EE29B2 /* AppDelegate.m */ = {isa = PBXFileReference; fileEncoding = 4; lastKnownFileType = sourcecode.c.objc; path = AppDelegate.m; sourceTree = "<group>"; };
		C4AB40E30A5BDC7D00EE29B2 /* FPGraphic.h */ = {isa = PBXFileReference; fileEncoding = 4; lastKnownFileType = sourcecode.c.h; path = FPGraphic.h; sourceTree = "<group>"; };
		C4AB40E40A5BDC7D00EE29B2 /* FPGraphic.m */ = {isa = PBXFileReference; fileEncoding = 4; lastKnownFileType = sourcecode.c.objc; path = FPGraphic.m; sourceTree = "<group>"; };
		C4AB420D0A5F926500EE29B2 /* circleTool.psd */ = {isa = PBXFileReference; lastKnownFileType = file; path = circleTool.psd; sourceTree = "<group>"; };
		C4AB420F0A5F928600EE29B2 /* rectangleTool.psd */ = {isa = PBXFileReference; lastKnownFileType = file; path = rectangleTool.psd; sourceTree = "<group>"; };
		C4AB42110A5F929600EE29B2 /* squiggleTool.psd */ = {isa = PBXFileReference; lastKnownFileType = file; path = squiggleTool.psd; sourceTree = "<group>"; };
		C4AB42130A5F929B00EE29B2 /* textTool.psd */ = {isa = PBXFileReference; lastKnownFileType = file; path = textTool.psd; sourceTree = "<group>"; };
		C4AB423C0A5FA01D00EE29B2 /* arrowTool.psd */ = {isa = PBXFileReference; lastKnownFileType = file; path = arrowTool.psd; sourceTree = "<group>"; };
		C4AB42800A623A6800EE29B2 /* FPToolPaletteController.h */ = {isa = PBXFileReference; fileEncoding = 30; lastKnownFileType = sourcecode.c.h; path = FPToolPaletteController.h; sourceTree = "<group>"; };
		C4AB42810A623A6800EE29B2 /* FPToolPaletteController.m */ = {isa = PBXFileReference; fileEncoding = 30; lastKnownFileType = sourcecode.c.objc; path = FPToolPaletteController.m; sourceTree = "<group>"; };
		C4AB42D10A6245F100EE29B2 /* English */ = {isa = PBXFileReference; fileEncoding = 30; lastKnownFileType = text.html; name = English; path = English.lproj/Credits.html; sourceTree = "<group>"; };
		C4AB437F0A67C3E600EE29B2 /* stampTool.png */ = {isa = PBXFileReference; lastKnownFileType = image.png; path = stampTool.png; sourceTree = "<group>"; };
		C4AB43960A6A3B0D00EE29B2 /* oneUp.psd */ = {isa = PBXFileReference; lastKnownFileType = file; path = oneUp.psd; sourceTree = "<group>"; };
		C4AB440A0A711A0C00EE29B2 /* twoUp.psd */ = {isa = PBXFileReference; lastKnownFileType = file; path = twoUp.psd; sourceTree = "<group>"; };
		C4AB442D0A71200C00EE29B2 /* book.psd */ = {isa = PBXFileReference; lastKnownFileType = file; path = book.psd; sourceTree = "<group>"; };
		C4AB447E0A718D7600EE29B2 /* continuous.psd */ = {isa = PBXFileReference; lastKnownFileType = file; path = continuous.psd; sourceTree = "<group>"; };
		C4B25AA80B431F8800DADA0F /* FPImage.h */ = {isa = PBXFileReference; fileEncoding = 4; lastKnownFileType = sourcecode.c.h; path = FPImage.h; sourceTree = "<group>"; };
		C4B25AA90B431F8800DADA0F /* FPImage.m */ = {isa = PBXFileReference; fileEncoding = 4; lastKnownFileType = sourcecode.c.objc; path = FPImage.m; sourceTree = "<group>"; };
		C4B25D530B4AD7C900DADA0F /* FPArchiveExtras.h */ = {isa = PBXFileReference; fileEncoding = 4; lastKnownFileType = sourcecode.c.h; path = FPArchiveExtras.h; sourceTree = "<group>"; };
		C4B25D950B4ADF8100DADA0F /* NSMutableDictionaryAdditions.h */ = {isa = PBXFileReference; fileEncoding = 4; lastKnownFileType = sourcecode.c.h; path = NSMutableDictionaryAdditions.h; sourceTree = "<group>"; };
		C4B25D960B4ADF8100DADA0F /* NSMutableDictionaryAdditions.m */ = {isa = PBXFileReference; fileEncoding = 4; lastKnownFileType = sourcecode.c.objc; path = NSMutableDictionaryAdditions.m; sourceTree = "<group>"; };
		C4D1094F0C8CA529003A767D /* FPLogging.h */ = {isa = PBXFileReference; fileEncoding = 4; lastKnownFileType = sourcecode.c.h; path = FPLogging.h; sourceTree = "<group>"; };
		C4DC0D960A82D28800DB476E /* viewmag-.png */ = {isa = PBXFileReference; lastKnownFileType = image.png; path = "viewmag-.png"; sourceTree = SOURCE_ROOT; };
		C4DC0D970A82D28800DB476E /* viewmag+.png */ = {isa = PBXFileReference; lastKnownFileType = image.png; path = "viewmag+.png"; sourceTree = SOURCE_ROOT; };
		C4DC0DA40A82D35500DB476E /* next.png */ = {isa = PBXFileReference; lastKnownFileType = image.png; path = next.png; sourceTree = SOURCE_ROOT; };
		C4DC0DA50A82D35500DB476E /* previous.png */ = {isa = PBXFileReference; lastKnownFileType = image.png; path = previous.png; sourceTree = SOURCE_ROOT; };
		C4DC0DB60A82D99700DB476E /* LICENSE.txt */ = {isa = PBXFileReference; fileEncoding = 30; lastKnownFileType = text; path = LICENSE.txt; sourceTree = SOURCE_ROOT; };
		C4DC0E630A85907800DB476E /* FPRectangle.h */ = {isa = PBXFileReference; fileEncoding = 4; lastKnownFileType = sourcecode.c.h; path = FPRectangle.h; sourceTree = "<group>"; };
		C4DC0E640A85907800DB476E /* FPRectangle.m */ = {isa = PBXFileReference; fileEncoding = 4; lastKnownFileType = sourcecode.c.objc; path = FPRectangle.m; sourceTree = "<group>"; };
		C4DC0E700A85925A00DB476E /* FPEllipse.h */ = {isa = PBXFileReference; fileEncoding = 4; lastKnownFileType = sourcecode.c.h; path = FPEllipse.h; sourceTree = "<group>"; };
		C4DC0E710A85925A00DB476E /* FPEllipse.m */ = {isa = PBXFileReference; fileEncoding = 4; lastKnownFileType = sourcecode.c.objc; path = FPEllipse.m; sourceTree = "<group>"; };
		C4DC0FEE0A85C4BA00DB476E /* FPSquiggle.h */ = {isa = PBXFileReference; fileEncoding = 4; lastKnownFileType = sourcecode.c.h; path = FPSquiggle.h; sourceTree = "<group>"; };
		C4DC0FEF0A85C4BA00DB476E /* FPSquiggle.m */ = {isa = PBXFileReference; fileEncoding = 4; lastKnownFileType = sourcecode.c.objc; path = FPSquiggle.m; sourceTree = "<group>"; };
		C4EE45580BC8BCC400F417D3 /* FPArchivalDictionaryUpgrader.h */ = {isa = PBXFileReference; fileEncoding = 4; lastKnownFileType = sourcecode.c.h; path = FPArchivalDictionaryUpgrader.h; sourceTree = "<group>"; };
		C4EE45590BC8BCC400F417D3 /* FPArchivalDictionaryUpgrader.m */ = {isa = PBXFileReference; fileEncoding = 4; lastKnownFileType = sourcecode.c.objc; path = FPArchivalDictionaryUpgrader.m; sourceTree = "<group>"; };
		C4F40AD30B35D6F1008063B4 /* FPDocumentWindow.h */ = {isa = PBXFileReference; fileEncoding = 4; lastKnownFileType = sourcecode.c.h; path = FPDocumentWindow.h; sourceTree = "<group>"; };
		C4F40AD40B35D6F1008063B4 /* FPDocumentWindow.m */ = {isa = PBXFileReference; fileEncoding = 4; lastKnownFileType = sourcecode.c.objc; path = FPDocumentWindow.m; sourceTree = "<group>"; };
		C4F40BA80B35FBFD008063B4 /* Sparkle.framework */ = {isa = PBXFileReference; lastKnownFileType = wrapper.framework; name = Sparkle.framework; path = third_party/Sparkle.framework; sourceTree = "<group>"; };
		C4FDF1610A8BEB1800032EF5 /* FPTextArea.h */ = {isa = PBXFileReference; fileEncoding = 4; lastKnownFileType = sourcecode.c.h; path = FPTextArea.h; sourceTree = "<group>"; };
		C4FDF1620A8BEB1800032EF5 /* FPTextArea.m */ = {isa = PBXFileReference; fileEncoding = 4; lastKnownFileType = sourcecode.c.objc; path = FPTextArea.m; sourceTree = "<group>"; };
/* End PBXFileReference section */

/* Begin PBXFrameworksBuildPhase section */
		8D15AC330486D014006FF6A4 /* Frameworks */ = {
			isa = PBXFrameworksBuildPhase;
			buildActionMask = 2147483647;
			files = (
				8D15AC340486D014006FF6A4 /* Cocoa.framework in Frameworks */,
				C4AB3EE90A5B010000EE29B2 /* PDFKit.framework in Frameworks */,
				C4F40BA90B35FBFD008063B4 /* Sparkle.framework in Frameworks */,
			);
			runOnlyForDeploymentPostprocessing = 0;
		};
/* End PBXFrameworksBuildPhase section */

/* Begin PBXGroup section */
		1058C7A6FEA54F5311CA2CBB /* Linked Frameworks */ = {
			isa = PBXGroup;
			children = (
				C4F40BA80B35FBFD008063B4 /* Sparkle.framework */,
				1058C7A7FEA54F5311CA2CBB /* Cocoa.framework */,
			);
			name = "Linked Frameworks";
			sourceTree = "<group>";
		};
		1058C7A8FEA54F5311CA2CBB /* Other Frameworks */ = {
			isa = PBXGroup;
			children = (
				2A37F4C4FDCFA73011CA2CEA /* AppKit.framework */,
				13E42FBA07B3F13500E4EEF1 /* CoreData.framework */,
				2A37F4C5FDCFA73011CA2CEA /* Foundation.framework */,
				C4AB3EE80A5B010000EE29B2 /* PDFKit.framework */,
			);
			name = "Other Frameworks";
			sourceTree = "<group>";
		};
		19C28FB0FE9D524F11CA2CBB /* Products */ = {
			isa = PBXGroup;
			children = (
				8D15AC370486D014006FF6A4 /* FormulatePro.app */,
			);
			name = Products;
			sourceTree = "<group>";
		};
		2A37F4AAFDCFA73011CA2CEA /* FormulatePro */ = {
			isa = PBXGroup;
			children = (
				2A37F4ABFDCFA73011CA2CEA /* Classes */,
				C4AB40EA0A5BDCC900EE29B2 /* Overlay Graphics */,
				2A37F4AFFDCFA73011CA2CEA /* Other Sources */,
				2A37F4B8FDCFA73011CA2CEA /* Resources */,
				2A37F4C3FDCFA73011CA2CEA /* Frameworks */,
				19C28FB0FE9D524F11CA2CBB /* Products */,
			);
			name = FormulatePro;
			sourceTree = "<group>";
		};
		2A37F4ABFDCFA73011CA2CEA /* Classes */ = {
			isa = PBXGroup;
			children = (
				C4F40AD30B35D6F1008063B4 /* FPDocumentWindow.h */,
				C4F40AD40B35D6F1008063B4 /* FPDocumentWindow.m */,
				C4AB40360A5BB5D200EE29B2 /* AppDelegate.h */,
				C4AB40370A5BB5D200EE29B2 /* AppDelegate.m */,
				C493CD380C8CEA3D00BFAEE8 /* FPTipsController.h */,
				C493CD390C8CEA3D00BFAEE8 /* FPTipsController.m */,
				2A37F4AEFDCFA73011CA2CEA /* MyDocument.h */,
				2A37F4ACFDCFA73011CA2CEA /* MyDocument.m */,
				C4AB42800A623A6800EE29B2 /* FPToolPaletteController.h */,
				C4AB42810A623A6800EE29B2 /* FPToolPaletteController.m */,
				C44988D00AA7B0F80084F508 /* FPInspectorController.h */,
				C44988CF0AA7B0F80084F508 /* FPInspectorController.m */,
				C44981780A922A890084F508 /* AOSegmentedControl.h */,
				C44981790A922A890084F508 /* AOSegmentedControl.m */,
				C4A904460B2C86E00015511A /* FPDocumentView.h */,
				C4A904470B2C86E00015511A /* FPDocumentView.m */,
			);
			name = Classes;
			sourceTree = "<group>";
		};
		2A37F4AFFDCFA73011CA2CEA /* Other Sources */ = {
			isa = PBXGroup;
			children = (
				C45E46040B3CEDDB00D41543 /* NSMutableSetAdditions.h */,
				C45E46050B3CEDDB00D41543 /* NSMutableSetAdditions.m */,
				C4B25D950B4ADF8100DADA0F /* NSMutableDictionaryAdditions.h */,
				C4B25D960B4ADF8100DADA0F /* NSMutableDictionaryAdditions.m */,
				C4D1094F0C8CA529003A767D /* FPLogging.h */,
				32DBCF750370BD2300C91783 /* FormulatePro_Prefix.pch */,
				2A37F4B0FDCFA73011CA2CEA /* main.m */,
			);
			name = "Other Sources";
			sourceTree = "<group>";
		};
		2A37F4B8FDCFA73011CA2CEA /* Resources */ = {
			isa = PBXGroup;
			children = (
				C493CE0D0C8D222900BFAEE8 /* tips.plist */,
				C4AB42D00A6245F100EE29B2 /* Credits.html */,
				C4DC0DB60A82D99700DB476E /* LICENSE.txt */,
				2A37F4B6FDCFA73011CA2CEA /* MainMenu.nib */,
				2A37F4B4FDCFA73011CA2CEA /* MyDocument.nib */,
				8D15AC360486D014006FF6A4 /* Info.plist */,
				089C165FFE840EACC02AAC07 /* InfoPlist.strings */,
				C4AB420D0A5F926500EE29B2 /* circleTool.psd */,
				C4AB420F0A5F928600EE29B2 /* rectangleTool.psd */,
				C4AB42110A5F929600EE29B2 /* squiggleTool.psd */,
				C4AB42130A5F929B00EE29B2 /* textTool.psd */,
				C4AB423C0A5FA01D00EE29B2 /* arrowTool.psd */,
				C4AB437F0A67C3E600EE29B2 /* stampTool.png */,
				C4AB43960A6A3B0D00EE29B2 /* oneUp.psd */,
				C4AB440A0A711A0C00EE29B2 /* twoUp.psd */,
				C4AB442D0A71200C00EE29B2 /* book.psd */,
				C4AB447E0A718D7600EE29B2 /* continuous.psd */,
				C4DC0D960A82D28800DB476E /* viewmag-.png */,
				C4DC0D970A82D28800DB476E /* viewmag+.png */,
				C4DC0DA40A82D35500DB476E /* next.png */,
				C4DC0DA50A82D35500DB476E /* previous.png */,
				C45E44A70B3C8C2700D41543 /* FormulatePro.icns */,
			);
			name = Resources;
			sourceTree = "<group>";
		};
		2A37F4C3FDCFA73011CA2CEA /* Frameworks */ = {
			isa = PBXGroup;
			children = (
				1058C7A6FEA54F5311CA2CBB /* Linked Frameworks */,
				1058C7A8FEA54F5311CA2CBB /* Other Frameworks */,
			);
			name = Frameworks;
			sourceTree = "<group>";
		};
		C4AB40EA0A5BDCC900EE29B2 /* Overlay Graphics */ = {
			isa = PBXGroup;
			children = (
				C4B25D530B4AD7C900DADA0F /* FPArchiveExtras.h */,
				C4EE45580BC8BCC400F417D3 /* FPArchivalDictionaryUpgrader.h */,
				C4EE45590BC8BCC400F417D3 /* FPArchivalDictionaryUpgrader.m */,
				C4AB40E30A5BDC7D00EE29B2 /* FPGraphic.h */,
				C4AB40E40A5BDC7D00EE29B2 /* FPGraphic.m */,
				C4DC0E630A85907800DB476E /* FPRectangle.h */,
				C4DC0E640A85907800DB476E /* FPRectangle.m */,
				C4DC0E700A85925A00DB476E /* FPEllipse.h */,
				C4DC0E710A85925A00DB476E /* FPEllipse.m */,
				C4DC0FEE0A85C4BA00DB476E /* FPSquiggle.h */,
				C4DC0FEF0A85C4BA00DB476E /* FPSquiggle.m */,
				C45E46B30B3CF55B00D41543 /* FPCheckmark.h */,
				C45E46B40B3CF55B00D41543 /* FPCheckmark.m */,
				C4B25AA80B431F8800DADA0F /* FPImage.h */,
				C4B25AA90B431F8800DADA0F /* FPImage.m */,
				C4FDF1610A8BEB1800032EF5 /* FPTextArea.h */,
				C4FDF1620A8BEB1800032EF5 /* FPTextArea.m */,
				C43B61D10B2FD56D00C1B850 /* FPTextAreaB.h */,
				C43B61D20B2FD56D00C1B850 /* FPTextAreaB.m */,
			);
			name = "Overlay Graphics";
			sourceTree = "<group>";
		};
/* End PBXGroup section */

/* Begin PBXNativeTarget section */
		8D15AC270486D014006FF6A4 /* FormulatePro */ = {
			isa = PBXNativeTarget;
			buildConfigurationList = C4AB3E9B0A5AFE1100EE29B2 /* Build configuration list for PBXNativeTarget "FormulatePro" */;
			buildPhases = (
				8D15AC2B0486D014006FF6A4 /* Resources */,
				8D15AC300486D014006FF6A4 /* Sources */,
				8D15AC330486D014006FF6A4 /* Frameworks */,
				C4F40BBD0B35FC0F008063B4 /* CopyFiles */,
			);
			buildRules = (
			);
			dependencies = (
			);
			name = FormulatePro;
			productInstallPath = "$(HOME)/Applications";
			productName = FormulatePro;
			productReference = 8D15AC370486D014006FF6A4 /* FormulatePro.app */;
			productType = "com.apple.product-type.application";
		};
/* End PBXNativeTarget section */

/* Begin PBXProject section */
		2A37F4A9FDCFA73011CA2CEA /* Project object */ = {
			isa = PBXProject;
			buildConfigurationList = C4AB3E9F0A5AFE1100EE29B2 /* Build configuration list for PBXProject "FormulatePro" */;
			hasScannedForEncodings = 1;
			mainGroup = 2A37F4AAFDCFA73011CA2CEA /* FormulatePro */;
			projectDirPath = "";
			targets = (
				8D15AC270486D014006FF6A4 /* FormulatePro */,
			);
		};
/* End PBXProject section */

/* Begin PBXResourcesBuildPhase section */
		8D15AC2B0486D014006FF6A4 /* Resources */ = {
			isa = PBXResourcesBuildPhase;
			buildActionMask = 2147483647;
			files = (
				8D15AC2D0486D014006FF6A4 /* MainMenu.nib in Resources */,
				8D15AC2E0486D014006FF6A4 /* MyDocument.nib in Resources */,
				8D15AC2F0486D014006FF6A4 /* InfoPlist.strings in Resources */,
				C4AB420E0A5F926500EE29B2 /* circleTool.psd in Resources */,
				C4AB42100A5F928600EE29B2 /* rectangleTool.psd in Resources */,
				C4AB42120A5F929600EE29B2 /* squiggleTool.psd in Resources */,
				C4AB42140A5F929B00EE29B2 /* textTool.psd in Resources */,
				C4AB423D0A5FA01D00EE29B2 /* arrowTool.psd in Resources */,
				C4AB42D20A6245F100EE29B2 /* Credits.html in Resources */,
				C4AB43800A67C3E600EE29B2 /* stampTool.png in Resources */,
				C4AB43970A6A3B0D00EE29B2 /* oneUp.psd in Resources */,
				C4AB440B0A711A0D00EE29B2 /* twoUp.psd in Resources */,
				C4AB442E0A71200C00EE29B2 /* book.psd in Resources */,
				C4AB447F0A718D7600EE29B2 /* continuous.psd in Resources */,
				C4DC0D980A82D28800DB476E /* viewmag-.png in Resources */,
				C4DC0D990A82D28800DB476E /* viewmag+.png in Resources */,
				C4DC0DA60A82D35500DB476E /* next.png in Resources */,
				C4DC0DA70A82D35500DB476E /* previous.png in Resources */,
				C4DC0DB70A82D99700DB476E /* LICENSE.txt in Resources */,
				C45E44A80B3C8C2700D41543 /* FormulatePro.icns in Resources */,
				C493CE0E0C8D222900BFAEE8 /* tips.plist in Resources */,
			);
			runOnlyForDeploymentPostprocessing = 0;
		};
/* End PBXResourcesBuildPhase section */

/* Begin PBXSourcesBuildPhase section */
		8D15AC300486D014006FF6A4 /* Sources */ = {
			isa = PBXSourcesBuildPhase;
			buildActionMask = 2147483647;
			files = (
				8D15AC310486D014006FF6A4 /* MyDocument.m in Sources */,
				8D15AC320486D014006FF6A4 /* main.m in Sources */,
				C4AB40380A5BB5D200EE29B2 /* AppDelegate.m in Sources */,
				C4AB42820A623A6800EE29B2 /* FPToolPaletteController.m in Sources */,
				C449817A0A922A890084F508 /* AOSegmentedControl.m in Sources */,
				C44988D10AA7B0F80084F508 /* FPInspectorController.m in Sources */,
				C4A904480B2C86E00015511A /* FPDocumentView.m in Sources */,
				C4A906000B2CBF900015511A /* FPEllipse.m in Sources */,
				C4A906010B2CBF910015511A /* FPGraphic.m in Sources */,
				C4A906020B2CBF920015511A /* FPRectangle.m in Sources */,
				C4A906030B2CBF920015511A /* FPSquiggle.m in Sources */,
				C43B61D30B2FD56D00C1B850 /* FPTextAreaB.m in Sources */,
				C4F40AD50B35D6F1008063B4 /* FPDocumentWindow.m in Sources */,
				C45E46070B3CEDDB00D41543 /* NSMutableSetAdditions.m in Sources */,
				C45E46B60B3CF55B00D41543 /* FPCheckmark.m in Sources */,
				C4B25AAB0B431F8800DADA0F /* FPImage.m in Sources */,
				C4B25D980B4ADF8100DADA0F /* NSMutableDictionaryAdditions.m in Sources */,
				C4EE455B0BC8BCC400F417D3 /* FPArchivalDictionaryUpgrader.m in Sources */,
				C493CD3B0C8CEA3D00BFAEE8 /* FPTipsController.m in Sources */,
			);
			runOnlyForDeploymentPostprocessing = 0;
		};
/* End PBXSourcesBuildPhase section */

/* Begin PBXVariantGroup section */
		089C165FFE840EACC02AAC07 /* InfoPlist.strings */ = {
			isa = PBXVariantGroup;
			children = (
				089C1660FE840EACC02AAC07 /* English */,
			);
			name = InfoPlist.strings;
			sourceTree = "<group>";
		};
		2A37F4B4FDCFA73011CA2CEA /* MyDocument.nib */ = {
			isa = PBXVariantGroup;
			children = (
				2A37F4B5FDCFA73011CA2CEA /* English */,
			);
			name = MyDocument.nib;
			sourceTree = "<group>";
		};
		2A37F4B6FDCFA73011CA2CEA /* MainMenu.nib */ = {
			isa = PBXVariantGroup;
			children = (
				2A37F4B7FDCFA73011CA2CEA /* English */,
			);
			name = MainMenu.nib;
			sourceTree = "<group>";
		};
		C4AB42D00A6245F100EE29B2 /* Credits.html */ = {
			isa = PBXVariantGroup;
			children = (
				C4AB42D10A6245F100EE29B2 /* English */,
			);
			name = Credits.html;
			sourceTree = SOURCE_ROOT;
		};
/* End PBXVariantGroup section */

/* Begin XCBuildConfiguration section */
		C4AB3E9C0A5AFE1100EE29B2 /* Debug */ = {
			isa = XCBuildConfiguration;
			buildSettings = {
				COPY_PHASE_STRIP = NO;
				FRAMEWORK_SEARCH_PATHS = (
					"$(FRAMEWORK_SEARCH_PATHS_QUOTED_1)",
					"$(FRAMEWORK_SEARCH_PATHS_QUOTED_2)",
					"$(FRAMEWORK_SEARCH_PATHS_QUOTED_3)",
				);
				FRAMEWORK_SEARCH_PATHS_QUOTED_1 = "\"$(SYSTEM_LIBRARY_DIR)/Frameworks/Quartz.framework/Versions/A/Frameworks\"";
				FRAMEWORK_SEARCH_PATHS_QUOTED_2 = "\"$(SRCROOT)\"";
				FRAMEWORK_SEARCH_PATHS_QUOTED_3 = "\"$(SRCROOT)/third_party\"";
				GCC_DYNAMIC_NO_PIC = NO;
				GCC_ENABLE_FIX_AND_CONTINUE = YES;
				GCC_GENERATE_DEBUGGING_SYMBOLS = YES;
				GCC_OPTIMIZATION_LEVEL = 0;
				GCC_PRECOMPILE_PREFIX_HEADER = YES;
				GCC_PREFIX_HEADER = FormulatePro_Prefix.pch;
				GCC_WARN_ABOUT_RETURN_TYPE = YES;
				GCC_WARN_UNUSED_VARIABLE = YES;
				INFOPLIST_FILE = Info.plist;
				INSTALL_PATH = "$(HOME)/Applications";
				PREBINDING = NO;
				PRODUCT_NAME = FormulatePro;
				WRAPPER_EXTENSION = app;
				ZERO_LINK = YES;
			};
			name = Debug;
		};
		C4AB3E9D0A5AFE1100EE29B2 /* Release */ = {
			isa = XCBuildConfiguration;
			buildSettings = {
				COPY_PHASE_STRIP = YES;
				FRAMEWORK_SEARCH_PATHS = (
					"$(FRAMEWORK_SEARCH_PATHS_QUOTED_1)",
					"$(FRAMEWORK_SEARCH_PATHS_QUOTED_2)",
					"$(FRAMEWORK_SEARCH_PATHS_QUOTED_3)",
				);
				FRAMEWORK_SEARCH_PATHS_QUOTED_1 = "\"$(SYSTEM_LIBRARY_DIR)/Frameworks/Quartz.framework/Versions/A/Frameworks\"";
				FRAMEWORK_SEARCH_PATHS_QUOTED_2 = "\"$(SRCROOT)\"";
				FRAMEWORK_SEARCH_PATHS_QUOTED_3 = "\"$(SRCROOT)/third_party\"";
				GCC_ENABLE_FIX_AND_CONTINUE = NO;
				GCC_GENERATE_DEBUGGING_SYMBOLS = NO;
				GCC_PRECOMPILE_PREFIX_HEADER = YES;
				GCC_PREFIX_HEADER = FormulatePro_Prefix.pch;
				GCC_WARN_ABOUT_RETURN_TYPE = YES;
				GCC_WARN_UNUSED_VARIABLE = YES;
				INFOPLIST_FILE = Info.plist;
				INSTALL_PATH = "$(HOME)/Applications";
				PREBINDING = NO;
				PRODUCT_NAME = FormulatePro;
				WRAPPER_EXTENSION = app;
				ZERO_LINK = NO;
			};
			name = Release;
		};
		C4AB3EA00A5AFE1100EE29B2 /* Debug */ = {
			isa = XCBuildConfiguration;
			buildSettings = {
				GCC_C_LANGUAGE_STANDARD = gnu99;
				GCC_OPTIMIZATION_LEVEL = 0;
				GCC_TREAT_WARNINGS_AS_ERRORS = YES;
				GCC_WARN_PEDANTIC = NO;
				MACOSX_DEPLOYMENT_TARGET = 10.4;
				OTHER_CFLAGS = "-DDEBUG";
				PREBINDING = NO;
				SDKROOT = /Developer/SDKs/MacOSX10.4u.sdk;
				WARNING_CFLAGS = "-Wmost";
			};
			name = Debug;
		};
		C4AB3EA10A5AFE1100EE29B2 /* Release */ = {
			isa = XCBuildConfiguration;
			buildSettings = {
				ARCHS = (
					ppc,
					i386,
				);
				GCC_C_LANGUAGE_STANDARD = gnu99;
				GCC_TREAT_WARNINGS_AS_ERRORS = YES;
				GCC_WARN_PEDANTIC = NO;
				MACOSX_DEPLOYMENT_TARGET = 10.4;
				PREBINDING = NO;
				SDKROOT = /Developer/SDKs/MacOSX10.4u.sdk;
				WARNING_CFLAGS = "-Wmost";
			};
			name = Release;
		};
/* End XCBuildConfiguration section */

/* Begin XCConfigurationList section */
		C4AB3E9B0A5AFE1100EE29B2 /* Build configuration list for PBXNativeTarget "FormulatePro" */ = {
			isa = XCConfigurationList;
			buildConfigurations = (
				C4AB3E9C0A5AFE1100EE29B2 /* Debug */,
				C4AB3E9D0A5AFE1100EE29B2 /* Release */,
			);
			defaultConfigurationIsVisible = 0;
			defaultConfigurationName = Debug;
		};
		C4AB3E9F0A5AFE1100EE29B2 /* Build configuration list for PBXProject "FormulatePro" */ = {
			isa = XCConfigurationList;
			buildConfigurations = (
				C4AB3EA00A5AFE1100EE29B2 /* Debug */,
				C4AB3EA10A5AFE1100EE29B2 /* Release */,
			);
			defaultConfigurationIsVisible = 0;
			defaultConfigurationName = Debug;
		};
/* End XCConfigurationList section */
	};
	rootObject = 2A37F4A9FDCFA73011CA2CEA /* Project object */;
}
